
Microsoft Visual Studio Solution File, Format Version 12.00
# Visual Studio 15
VisualStudioVersion = 15.0.27703.2035
MinimumVisualStudioVersion = 10.0.40219.1
Project("{9092AA53-FB77-4645-B42D-1CCCA6BD08BD}") = "tmpExpress", "tmpExpress.njsproj", "{5E6772C9-5147-4F10-AACA-408579CA9974}"
EndProject
Global
	GlobalSection(SolutionConfigurationPlatforms) = preSolution
		Debug|Any CPU = Debug|Any CPU
		Release|Any CPU = Release|Any CPU
	EndGlobalSection
	GlobalSection(ProjectConfigurationPlatforms) = postSolution
		{5E6772C9-5147-4F10-AACA-408579CA9974}.Debug|Any CPU.ActiveCfg = Debug|Any CPU
		{5E6772C9-5147-4F10-AACA-408579CA9974}.Debug|Any CPU.Build.0 = Debug|Any CPU
		{5E6772C9-5147-4F10-AACA-408579CA9974}.Release|Any CPU.ActiveCfg = Release|Any CPU
		{5E6772C9-5147-4F10-AACA-408579CA9974}.Release|Any CPU.Build.0 = Release|Any CPU
	EndGlobalSection
	GlobalSection(SolutionProperties) = preSolution
		HideSolutionNode = FALSE
	EndGlobalSection
	GlobalSection(ExtensibilityGlobals) = postSolution
		SolutionGuid = {6ED07985-B7BA-4D7B-917A-28B1C36381EB}
	EndGlobalSection
EndGlobal
